
Microsoft Visual Studio Solution File, Format Version 10.00
# Visual Studio 2008
Project("{D183A3D8-5FD8-494B-B014-37F57B35E655}") = "EquipmentValidationReporting", "EquipmentValidationReporting\EquipmentValidationReporting.dtproj", "{99218BA2-D1A4-4908-984C-AAC9684D7A0C}"
EndProject
Global
	GlobalSection(SolutionConfigurationPlatforms) = preSolution
		Development|Default = Development|Default
	EndGlobalSection
	GlobalSection(ProjectConfigurationPlatforms) = postSolution
		{99218BA2-D1A4-4908-984C-AAC9684D7A0C}.Development|Default.ActiveCfg = Development
		{99218BA2-D1A4-4908-984C-AAC9684D7A0C}.Development|Default.Build.0 = Development
	EndGlobalSection
	GlobalSection(SolutionProperties) = preSolution
		HideSolutionNode = FALSE
	EndGlobalSection
EndGlobal
