
Microsoft Visual Studio Solution File, Format Version 10.00
# Visual Studio 2008
Project("{D183A3D8-5FD8-494B-B014-37F57B35E655}") = "ExtractSource", "ExtractSource.dtproj", "{747B961B-6805-42D0-AD68-17BF6C116710}"
EndProject
Global
	GlobalSection(SolutionConfigurationPlatforms) = preSolution
		Development|Default = Development|Default
	EndGlobalSection
	GlobalSection(ProjectConfigurationPlatforms) = postSolution
		{747B961B-6805-42D0-AD68-17BF6C116710}.Development|Default.ActiveCfg = Development
		{747B961B-6805-42D0-AD68-17BF6C116710}.Development|Default.Build.0 = Development
	EndGlobalSection
	GlobalSection(SolutionProperties) = preSolution
		HideSolutionNode = FALSE
	EndGlobalSection
EndGlobal
